// !$*UTF8*$!
{
	archiveVersion = 1;
	classes = {
	};
	objectVersion = 46;
	objects = {

/* Begin PBXBuildFile section */
		5706A9031DBBB6F60057D764 /* main.m in Sources */ = {isa = PBXBuildFile; fileRef = 5706A9021DBBB6F60057D764 /* main.m */; };
		5706A9061DBBB6F60057D764 /* AppDelegate.m in Sources */ = {isa = PBXBuildFile; fileRef = 5706A9051DBBB6F60057D764 /* AppDelegate.m */; };
		5706A90E1DBBB6F60057D764 /* Assets.xcassets in Resources */ = {isa = PBXBuildFile; fileRef = 5706A90D1DBBB6F60057D764 /* Assets.xcassets */; };
		5706A9111DBBB6F60057D764 /* LaunchScreen.storyboard in Resources */ = {isa = PBXBuildFile; fileRef = 5706A90F1DBBB6F60057D764 /* LaunchScreen.storyboard */; };
		573744791DCF7367002504C2 /* GoogleService-Info.plist in Resources */ = {isa = PBXBuildFile; fileRef = 573744781DCF7367002504C2 /* GoogleService-Info.plist */; };
		5737447D1DCF7787002504C2 /* LoginView.m in Sources */ = {isa = PBXBuildFile; fileRef = 5737447C1DCF7787002504C2 /* LoginView.m */; };
		573744811DCF8F2B002504C2 /* Helper.m in Sources */ = {isa = PBXBuildFile; fileRef = 573744801DCF8F2B002504C2 /* Helper.m */; };
		576BA3F71DD75C0C0005B369 /* Utils.swift in Sources */ = {isa = PBXBuildFile; fileRef = 576BA3F61DD75C0C0005B369 /* Utils.swift */; };
		57CFA2571DC10F8E002FA2A0 /* DevBoy.m in Sources */ = {isa = PBXBuildFile; fileRef = 57CFA2561DC10F8E002FA2A0 /* DevBoy.m */; };
		57CFA25B1DC11285002FA2A0 /* DemoView.m in Sources */ = {isa = PBXBuildFile; fileRef = 57CFA25A1DC11285002FA2A0 /* DemoView.m */; };
		57CFA25F1DC114F0002FA2A0 /* MetricView.m in Sources */ = {isa = PBXBuildFile; fileRef = 57CFA25E1DC114F0002FA2A0 /* MetricView.m */; };
		57CFA2641DC115CC002FA2A0 /* Raleway-Bold.ttf in Resources */ = {isa = PBXBuildFile; fileRef = 57CFA2621DC115CC002FA2A0 /* Raleway-Bold.ttf */; };
		57CFA2651DC115CC002FA2A0 /* Raleway-Regular.ttf in Resources */ = {isa = PBXBuildFile; fileRef = 57CFA2631DC115CC002FA2A0 /* Raleway-Regular.ttf */; };
		57CFA2681DC12035002FA2A0 /* avatar.jpg in Resources */ = {isa = PBXBuildFile; fileRef = 57CFA2671DC12035002FA2A0 /* avatar.jpg */; };
		8C9EFB5429F9A69206F1CE12 /* libPods-DevBoy.a in Frameworks */ = {isa = PBXBuildFile; fileRef = 85CF254F2944D26CED6AFFE8 /* libPods-DevBoy.a */; };
/* End PBXBuildFile section */

/* Begin PBXFileReference section */
		5706A8FE1DBBB6F60057D764 /* DevBoy.app */ = {isa = PBXFileReference; explicitFileType = wrapper.application; includeInIndex = 0; path = DevBoy.app; sourceTree = BUILT_PRODUCTS_DIR; };
		5706A9021DBBB6F60057D764 /* main.m */ = {isa = PBXFileReference; lastKnownFileType = sourcecode.c.objc; path = main.m; sourceTree = "<group>"; };
		5706A9041DBBB6F60057D764 /* AppDelegate.h */ = {isa = PBXFileReference; lastKnownFileType = sourcecode.c.h; path = AppDelegate.h; sourceTree = "<group>"; };
		5706A9051DBBB6F60057D764 /* AppDelegate.m */ = {isa = PBXFileReference; lastKnownFileType = sourcecode.c.objc; path = AppDelegate.m; sourceTree = "<group>"; };
		5706A90D1DBBB6F60057D764 /* Assets.xcassets */ = {isa = PBXFileReference; lastKnownFileType = folder.assetcatalog; name = Assets.xcassets; path = ../Assets.xcassets; sourceTree = "<group>"; };
		5706A9101DBBB6F60057D764 /* Base */ = {isa = PBXFileReference; lastKnownFileType = file.storyboard; name = Base; path = Base.lproj/LaunchScreen.storyboard; sourceTree = "<group>"; };
		5706A9121DBBB6F60057D764 /* Info.plist */ = {isa = PBXFileReference; lastKnownFileType = text.plist.xml; path = Info.plist; sourceTree = "<group>"; };
		573744781DCF7367002504C2 /* GoogleService-Info.plist */ = {isa = PBXFileReference; fileEncoding = 4; lastKnownFileType = text.plist.xml; path = "GoogleService-Info.plist"; sourceTree = "<group>"; };
		5737447B1DCF7787002504C2 /* LoginView.h */ = {isa = PBXFileReference; fileEncoding = 4; lastKnownFileType = sourcecode.c.h; path = LoginView.h; sourceTree = "<group>"; };
		5737447C1DCF7787002504C2 /* LoginView.m */ = {isa = PBXFileReference; fileEncoding = 4; lastKnownFileType = sourcecode.c.objc; path = LoginView.m; sourceTree = "<group>"; };
		5737447F1DCF8F2B002504C2 /* Helper.h */ = {isa = PBXFileReference; fileEncoding = 4; lastKnownFileType = sourcecode.c.h; path = Helper.h; sourceTree = "<group>"; };
		573744801DCF8F2B002504C2 /* Helper.m */ = {isa = PBXFileReference; fileEncoding = 4; lastKnownFileType = sourcecode.c.objc; path = Helper.m; sourceTree = "<group>"; };
		576BA3F51DD75C0B0005B369 /* DevBoy-Bridging-Header.h */ = {isa = PBXFileReference; lastKnownFileType = sourcecode.c.h; name = "DevBoy-Bridging-Header.h"; path = "Utils/DevBoy-Bridging-Header.h"; sourceTree = "<group>"; };
		576BA3F61DD75C0C0005B369 /* Utils.swift */ = {isa = PBXFileReference; fileEncoding = 4; lastKnownFileType = sourcecode.swift; path = Utils.swift; sourceTree = "<group>"; };
		57CFA2551DC10F8E002FA2A0 /* DevBoy.h */ = {isa = PBXFileReference; fileEncoding = 4; lastKnownFileType = sourcecode.c.h; path = DevBoy.h; sourceTree = "<group>"; };
		57CFA2561DC10F8E002FA2A0 /* DevBoy.m */ = {isa = PBXFileReference; fileEncoding = 4; lastKnownFileType = sourcecode.c.objc; path = DevBoy.m; sourceTree = "<group>"; };
		57CFA2591DC11285002FA2A0 /* DemoView.h */ = {isa = PBXFileReference; fileEncoding = 4; lastKnownFileType = sourcecode.c.h; path = DemoView.h; sourceTree = "<group>"; };
		57CFA25A1DC11285002FA2A0 /* DemoView.m */ = {isa = PBXFileReference; fileEncoding = 4; lastKnownFileType = sourcecode.c.objc; path = DemoView.m; sourceTree = "<group>"; };
		57CFA25D1DC114F0002FA2A0 /* MetricView.h */ = {isa = PBXFileReference; fileEncoding = 4; lastKnownFileType = sourcecode.c.h; path = MetricView.h; sourceTree = "<group>"; };
		57CFA25E1DC114F0002FA2A0 /* MetricView.m */ = {isa = PBXFileReference; fileEncoding = 4; lastKnownFileType = sourcecode.c.objc; path = MetricView.m; sourceTree = "<group>"; };
		57CFA2621DC115CC002FA2A0 /* Raleway-Bold.ttf */ = {isa = PBXFileReference; lastKnownFileType = file; path = "Raleway-Bold.ttf"; sourceTree = "<group>"; };
		57CFA2631DC115CC002FA2A0 /* Raleway-Regular.ttf */ = {isa = PBXFileReference; lastKnownFileType = file; path = "Raleway-Regular.ttf"; sourceTree = "<group>"; };
		57CFA2671DC12035002FA2A0 /* avatar.jpg */ = {isa = PBXFileReference; lastKnownFileType = image.jpeg; path = avatar.jpg; sourceTree = "<group>"; };
		71E905D8FA8253BF93454C0D /* Pods-DevBoy.debug.xcconfig */ = {isa = PBXFileReference; includeInIndex = 1; lastKnownFileType = text.xcconfig; name = "Pods-DevBoy.debug.xcconfig"; path = "Pods/Target Support Files/Pods-DevBoy/Pods-DevBoy.debug.xcconfig"; sourceTree = "<group>"; };
		85CF254F2944D26CED6AFFE8 /* libPods-DevBoy.a */ = {isa = PBXFileReference; explicitFileType = archive.ar; includeInIndex = 0; path = "libPods-DevBoy.a"; sourceTree = BUILT_PRODUCTS_DIR; };
		EAF2C9694DF295CCDDE9DD4D /* Pods-DevBoy.release.xcconfig */ = {isa = PBXFileReference; includeInIndex = 1; lastKnownFileType = text.xcconfig; name = "Pods-DevBoy.release.xcconfig"; path = "Pods/Target Support Files/Pods-DevBoy/Pods-DevBoy.release.xcconfig"; sourceTree = "<group>"; };
/* End PBXFileReference section */

/* Begin PBXFrameworksBuildPhase section */
		5706A8FB1DBBB6F60057D764 /* Frameworks */ = {
			isa = PBXFrameworksBuildPhase;
			buildActionMask = 2147483647;
			files = (
				8C9EFB5429F9A69206F1CE12 /* libPods-DevBoy.a in Frameworks */,
			);
			runOnlyForDeploymentPostprocessing = 0;
		};
/* End PBXFrameworksBuildPhase section */

/* Begin PBXGroup section */
		5706A8F51DBBB6F60057D764 = {
			isa = PBXGroup;
			children = (
				57CFA2541DC10F6C002FA2A0 /* Source */,
				5706A9001DBBB6F60057D764 /* Demo */,
				CD9D5C86D6B7DB59C0EF5476 /* Pods */,
				5C161230A3B32B5D22C9728D /* Frameworks */,
			);
			sourceTree = "<group>";
		};
		5706A8FF1DBBB6F60057D764 /* Products */ = {
			isa = PBXGroup;
			children = (
				5706A8FE1DBBB6F60057D764 /* DevBoy.app */,
			);
			name = Products;
			path = ../..;
			sourceTree = "<group>";
		};
		5706A9001DBBB6F60057D764 /* Demo */ = {
			isa = PBXGroup;
			children = (
				576BA3F41DD75BF30005B369 /* Utils */,
				5737447E1DCF8F1D002504C2 /* Helper */,
				5737447A1DCF7770002504C2 /* LoginView */,
				57CFA2581DC11271002FA2A0 /* DemoView */,
				57CFA25C1DC114D4002FA2A0 /* MetricView */,
				5706A9041DBBB6F60057D764 /* AppDelegate.h */,
				5706A9051DBBB6F60057D764 /* AppDelegate.m */,
				57CFA2661DC11B15002FA2A0 /* Misc */,
				5706A9011DBBB6F60057D764 /* Supporting Files */,
			);
			name = Demo;
			path = DevBoy;
			sourceTree = "<group>";
		};
		5706A9011DBBB6F60057D764 /* Supporting Files */ = {
			isa = PBXGroup;
			children = (
				576BA3F51DD75C0B0005B369 /* DevBoy-Bridging-Header.h */,
				573744781DCF7367002504C2 /* GoogleService-Info.plist */,
				57CFA2611DC115B7002FA2A0 /* Fonts */,
				5706A9121DBBB6F60057D764 /* Info.plist */,
				5706A9021DBBB6F60057D764 /* main.m */,
			);
			name = "Supporting Files";
			sourceTree = "<group>";
		};
		5737447A1DCF7770002504C2 /* LoginView */ = {
			isa = PBXGroup;
			children = (
				5737447B1DCF7787002504C2 /* LoginView.h */,
				5737447C1DCF7787002504C2 /* LoginView.m */,
			);
			path = LoginView;
			sourceTree = "<group>";
		};
		5737447E1DCF8F1D002504C2 /* Helper */ = {
			isa = PBXGroup;
			children = (
				5737447F1DCF8F2B002504C2 /* Helper.h */,
				573744801DCF8F2B002504C2 /* Helper.m */,
			);
			path = Helper;
			sourceTree = "<group>";
		};
		576BA3F41DD75BF30005B369 /* Utils */ = {
			isa = PBXGroup;
			children = (
				576BA3F61DD75C0C0005B369 /* Utils.swift */,
			);
			path = Utils;
			sourceTree = "<group>";
		};
		57CFA2541DC10F6C002FA2A0 /* Source */ = {
			isa = PBXGroup;
			children = (
				57CFA2551DC10F8E002FA2A0 /* DevBoy.h */,
				57CFA2561DC10F8E002FA2A0 /* DevBoy.m */,
			);
			path = Source;
			sourceTree = "<group>";
		};
		57CFA2581DC11271002FA2A0 /* DemoView */ = {
			isa = PBXGroup;
			children = (
				57CFA2591DC11285002FA2A0 /* DemoView.h */,
				57CFA25A1DC11285002FA2A0 /* DemoView.m */,
			);
			path = DemoView;
			sourceTree = "<group>";
		};
		57CFA25C1DC114D4002FA2A0 /* MetricView */ = {
			isa = PBXGroup;
			children = (
				57CFA25D1DC114F0002FA2A0 /* MetricView.h */,
				57CFA25E1DC114F0002FA2A0 /* MetricView.m */,
			);
			path = MetricView;
			sourceTree = "<group>";
		};
		57CFA2611DC115B7002FA2A0 /* Fonts */ = {
			isa = PBXGroup;
			children = (
				57CFA2621DC115CC002FA2A0 /* Raleway-Bold.ttf */,
				57CFA2631DC115CC002FA2A0 /* Raleway-Regular.ttf */,
			);
			path = Fonts;
			sourceTree = "<group>";
		};
		57CFA2661DC11B15002FA2A0 /* Misc */ = {
			isa = PBXGroup;
			children = (
				57CFA2671DC12035002FA2A0 /* avatar.jpg */,
				5706A90D1DBBB6F60057D764 /* Assets.xcassets */,
				5706A90F1DBBB6F60057D764 /* LaunchScreen.storyboard */,
				5706A8FF1DBBB6F60057D764 /* Products */,
			);
			path = Misc;
			sourceTree = "<group>";
		};
		5C161230A3B32B5D22C9728D /* Frameworks */ = {
			isa = PBXGroup;
			children = (
				85CF254F2944D26CED6AFFE8 /* libPods-DevBoy.a */,
			);
			name = Frameworks;
			sourceTree = "<group>";
		};
		CD9D5C86D6B7DB59C0EF5476 /* Pods */ = {
			isa = PBXGroup;
			children = (
				71E905D8FA8253BF93454C0D /* Pods-DevBoy.debug.xcconfig */,
				EAF2C9694DF295CCDDE9DD4D /* Pods-DevBoy.release.xcconfig */,
			);
			name = Pods;
			sourceTree = "<group>";
		};
/* End PBXGroup section */

/* Begin PBXNativeTarget section */
		5706A8FD1DBBB6F60057D764 /* DevBoy */ = {
			isa = PBXNativeTarget;
			buildConfigurationList = 5706A9151DBBB6F60057D764 /* Build configuration list for PBXNativeTarget "DevBoy" */;
			buildPhases = (
				EF94D35C09F3146AF3FA7800 /* 📦 Check Pods Manifest.lock */,
				5706A8FA1DBBB6F60057D764 /* Sources */,
				5706A8FB1DBBB6F60057D764 /* Frameworks */,
				5706A8FC1DBBB6F60057D764 /* Resources */,
				0694185597C8DF0E4A2A2239 /* 📦 Embed Pods Frameworks */,
				9EBFA73277B4A1094D90CAC5 /* 📦 Copy Pods Resources */,
			);
			buildRules = (
			);
			dependencies = (
			);
			name = DevBoy;
			productName = DevBoy;
			productReference = 5706A8FE1DBBB6F60057D764 /* DevBoy.app */;
			productType = "com.apple.product-type.application";
		};
/* End PBXNativeTarget section */

/* Begin PBXProject section */
		5706A8F61DBBB6F60057D764 /* Project object */ = {
			isa = PBXProject;
			attributes = {
				LastUpgradeCheck = 0800;
				ORGANIZATIONNAME = "Ahmad Abdul-Gawad Mahmoud";
				TargetAttributes = {
					5706A8FD1DBBB6F60057D764 = {
						CreatedOnToolsVersion = 8.0;
						DevelopmentTeam = WK247W7C8M;
						LastSwiftMigration = 0810;
						ProvisioningStyle = Automatic;
						SystemCapabilities = {
							com.apple.BackgroundModes = {
								enabled = 1;
							};
						};
					};
				};
			};
			buildConfigurationList = 5706A8F91DBBB6F60057D764 /* Build configuration list for PBXProject "DevBoy" */;
			compatibilityVersion = "Xcode 3.2";
			developmentRegion = English;
			hasScannedForEncodings = 0;
			knownRegions = (
				en,
				Base,
			);
			mainGroup = 5706A8F51DBBB6F60057D764;
			productRefGroup = 5706A8FF1DBBB6F60057D764 /* Products */;
			projectDirPath = "";
			projectRoot = "";
			targets = (
				5706A8FD1DBBB6F60057D764 /* DevBoy */,
			);
		};
/* End PBXProject section */

/* Begin PBXResourcesBuildPhase section */
		5706A8FC1DBBB6F60057D764 /* Resources */ = {
			isa = PBXResourcesBuildPhase;
			buildActionMask = 2147483647;
			files = (
				5706A9111DBBB6F60057D764 /* LaunchScreen.storyboard in Resources */,
				57CFA2681DC12035002FA2A0 /* avatar.jpg in Resources */,
				57CFA2641DC115CC002FA2A0 /* Raleway-Bold.ttf in Resources */,
				5706A90E1DBBB6F60057D764 /* Assets.xcassets in Resources */,
				57CFA2651DC115CC002FA2A0 /* Raleway-Regular.ttf in Resources */,
				573744791DCF7367002504C2 /* GoogleService-Info.plist in Resources */,
			);
			runOnlyForDeploymentPostprocessing = 0;
		};
/* End PBXResourcesBuildPhase section */

/* Begin PBXShellScriptBuildPhase section */
		0694185597C8DF0E4A2A2239 /* 📦 Embed Pods Frameworks */ = {
			isa = PBXShellScriptBuildPhase;
			buildActionMask = 2147483647;
			files = (
			);
			inputPaths = (
			);
			name = "📦 Embed Pods Frameworks";
			outputPaths = (
			);
			runOnlyForDeploymentPostprocessing = 0;
			shellPath = /bin/sh;
			shellScript = "\"${SRCROOT}/Pods/Target Support Files/Pods-DevBoy/Pods-DevBoy-frameworks.sh\"\n";
			showEnvVarsInLog = 0;
		};
		9EBFA73277B4A1094D90CAC5 /* 📦 Copy Pods Resources */ = {
			isa = PBXShellScriptBuildPhase;
			buildActionMask = 2147483647;
			files = (
			);
			inputPaths = (
			);
			name = "📦 Copy Pods Resources";
			outputPaths = (
			);
			runOnlyForDeploymentPostprocessing = 0;
			shellPath = /bin/sh;
			shellScript = "\"${SRCROOT}/Pods/Target Support Files/Pods-DevBoy/Pods-DevBoy-resources.sh\"\n";
			showEnvVarsInLog = 0;
		};
		EF94D35C09F3146AF3FA7800 /* 📦 Check Pods Manifest.lock */ = {
			isa = PBXShellScriptBuildPhase;
			buildActionMask = 2147483647;
			files = (
			);
			inputPaths = (
			);
			name = "📦 Check Pods Manifest.lock";
			outputPaths = (
			);
			runOnlyForDeploymentPostprocessing = 0;
			shellPath = /bin/sh;
			shellScript = "diff \"${PODS_ROOT}/../Podfile.lock\" \"${PODS_ROOT}/Manifest.lock\" > /dev/null\nif [[ $? != 0 ]] ; then\n    cat << EOM\nerror: The sandbox is not in sync with the Podfile.lock. Run 'pod install' or update your CocoaPods installation.\nEOM\n    exit 1\nfi\n";
			showEnvVarsInLog = 0;
		};
/* End PBXShellScriptBuildPhase section */

/* Begin PBXSourcesBuildPhase section */
		5706A8FA1DBBB6F60057D764 /* Sources */ = {
			isa = PBXSourcesBuildPhase;
			buildActionMask = 2147483647;
			files = (
				5737447D1DCF7787002504C2 /* LoginView.m in Sources */,
				5706A9061DBBB6F60057D764 /* AppDelegate.m in Sources */,
				57CFA25B1DC11285002FA2A0 /* DemoView.m in Sources */,
				57CFA2571DC10F8E002FA2A0 /* DevBoy.m in Sources */,
				573744811DCF8F2B002504C2 /* Helper.m in Sources */,
				57CFA25F1DC114F0002FA2A0 /* MetricView.m in Sources */,
				5706A9031DBBB6F60057D764 /* main.m in Sources */,
				576BA3F71DD75C0C0005B369 /* Utils.swift in Sources */,
			);
			runOnlyForDeploymentPostprocessing = 0;
		};
/* End PBXSourcesBuildPhase section */

/* Begin PBXVariantGroup section */
		5706A90F1DBBB6F60057D764 /* LaunchScreen.storyboard */ = {
			isa = PBXVariantGroup;
			children = (
				5706A9101DBBB6F60057D764 /* Base */,
			);
			name = LaunchScreen.storyboard;
			path = ..;
			sourceTree = "<group>";
		};
/* End PBXVariantGroup section */

/* Begin XCBuildConfiguration section */
		5706A9131DBBB6F60057D764 /* Debug */ = {
			isa = XCBuildConfiguration;
			buildSettings = {
				ALWAYS_EMBED_SWIFT_STANDARD_LIBRARIES = YES;
				ALWAYS_SEARCH_USER_PATHS = NO;
				CLANG_ANALYZER_NONNULL = YES;
				CLANG_CXX_LANGUAGE_STANDARD = "gnu++0x";
				CLANG_CXX_LIBRARY = "libc++";
				CLANG_ENABLE_MODULES = YES;
				CLANG_ENABLE_OBJC_ARC = YES;
				CLANG_WARN_BOOL_CONVERSION = YES;
				CLANG_WARN_CONSTANT_CONVERSION = YES;
				CLANG_WARN_DIRECT_OBJC_ISA_USAGE = YES_ERROR;
				CLANG_WARN_DOCUMENTATION_COMMENTS = YES;
				CLANG_WARN_EMPTY_BODY = YES;
				CLANG_WARN_ENUM_CONVERSION = YES;
				CLANG_WARN_INFINITE_RECURSION = YES;
				CLANG_WARN_INT_CONVERSION = YES;
				CLANG_WARN_OBJC_ROOT_CLASS = YES_ERROR;
				CLANG_WARN_SUSPICIOUS_MOVES = YES;
				CLANG_WARN_UNREACHABLE_CODE = YES;
				CLANG_WARN__DUPLICATE_METHOD_MATCH = YES;
				"CODE_SIGN_IDENTITY[sdk=iphoneos*]" = "iPhone Developer";
				COPY_PHASE_STRIP = NO;
				DEBUG_INFORMATION_FORMAT = dwarf;
				DEFINES_MODULE = YES;
				ENABLE_STRICT_OBJC_MSGSEND = YES;
				ENABLE_TESTABILITY = YES;
				GCC_C_LANGUAGE_STANDARD = gnu99;
				GCC_DYNAMIC_NO_PIC = NO;
				GCC_NO_COMMON_BLOCKS = YES;
				GCC_OPTIMIZATION_LEVEL = 0;
				GCC_PREPROCESSOR_DEFINITIONS = (
					"DEBUG=1",
					"$(inherited)",
				);
				GCC_WARN_64_TO_32_BIT_CONVERSION = YES;
				GCC_WARN_ABOUT_RETURN_TYPE = YES_ERROR;
				GCC_WARN_UNDECLARED_SELECTOR = YES;
				GCC_WARN_UNINITIALIZED_AUTOS = YES_AGGRESSIVE;
				GCC_WARN_UNUSED_FUNCTION = YES;
				GCC_WARN_UNUSED_VARIABLE = YES;
				IPHONEOS_DEPLOYMENT_TARGET = 10.0;
				MTL_ENABLE_DEBUG_INFO = YES;
				ONLY_ACTIVE_ARCH = YES;
				SDKROOT = iphoneos;
				SWIFT_OPTIMIZATION_LEVEL = "-Onone";
				TARGETED_DEVICE_FAMILY = "1,2";
			};
			name = Debug;
		};
		5706A9141DBBB6F60057D764 /* Release */ = {
			isa = XCBuildConfiguration;
			buildSettings = {
				ALWAYS_EMBED_SWIFT_STANDARD_LIBRARIES = YES;
				ALWAYS_SEARCH_USER_PATHS = NO;
				CLANG_ANALYZER_NONNULL = YES;
				CLANG_CXX_LANGUAGE_STANDARD = "gnu++0x";
				CLANG_CXX_LIBRARY = "libc++";
				CLANG_ENABLE_MODULES = YES;
				CLANG_ENABLE_OBJC_ARC = YES;
				CLANG_WARN_BOOL_CONVERSION = YES;
				CLANG_WARN_CONSTANT_CONVERSION = YES;
				CLANG_WARN_DIRECT_OBJC_ISA_USAGE = YES_ERROR;
				CLANG_WARN_DOCUMENTATION_COMMENTS = YES;
				CLANG_WARN_EMPTY_BODY = YES;
				CLANG_WARN_ENUM_CONVERSION = YES;
				CLANG_WARN_INFINITE_RECURSION = YES;
				CLANG_WARN_INT_CONVERSION = YES;
				CLANG_WARN_OBJC_ROOT_CLASS = YES_ERROR;
				CLANG_WARN_SUSPICIOUS_MOVES = YES;
				CLANG_WARN_UNREACHABLE_CODE = YES;
				CLANG_WARN__DUPLICATE_METHOD_MATCH = YES;
				"CODE_SIGN_IDENTITY[sdk=iphoneos*]" = "iPhone Developer";
				COPY_PHASE_STRIP = NO;
				DEBUG_INFORMATION_FORMAT = "dwarf-with-dsym";
				DEFINES_MODULE = YES;
				ENABLE_NS_ASSERTIONS = NO;
				ENABLE_STRICT_OBJC_MSGSEND = YES;
				GCC_C_LANGUAGE_STANDARD = gnu99;
				GCC_NO_COMMON_BLOCKS = YES;
				GCC_WARN_64_TO_32_BIT_CONVERSION = YES;
				GCC_WARN_ABOUT_RETURN_TYPE = YES_ERROR;
				GCC_WARN_UNDECLARED_SELECTOR = YES;
				GCC_WARN_UNINITIALIZED_AUTOS = YES_AGGRESSIVE;
				GCC_WARN_UNUSED_FUNCTION = YES;
				GCC_WARN_UNUSED_VARIABLE = YES;
				IPHONEOS_DEPLOYMENT_TARGET = 10.0;
				MTL_ENABLE_DEBUG_INFO = NO;
				SDKROOT = iphoneos;
				SWIFT_OPTIMIZATION_LEVEL = "-Onone";
				TARGETED_DEVICE_FAMILY = "1,2";
				VALIDATE_PRODUCT = YES;
			};
			name = Release;
		};
		5706A9161DBBB6F60057D764 /* Debug */ = {
			isa = XCBuildConfiguration;
			baseConfigurationReference = 71E905D8FA8253BF93454C0D /* Pods-DevBoy.debug.xcconfig */;
			buildSettings = {
				ASSETCATALOG_COMPILER_APPICON_NAME = AppIcon;
				CLANG_ENABLE_MODULES = YES;
				DEFINES_MODULE = YES;
				DEVELOPMENT_TEAM = WK247W7C8M;
				INFOPLIST_FILE = DevBoy/Info.plist;
				LD_RUNPATH_SEARCH_PATHS = "$(inherited) @executable_path/Frameworks";
				PRODUCT_BUNDLE_IDENTIFIER = com.hungerstation.ios.DevBoy.DevBoy;
				PRODUCT_NAME = "$(TARGET_NAME)";
				SWIFT_OBJC_BRIDGING_HEADER = "DevBoy/Utils/DevBoy-Bridging-Header.h";
				SWIFT_OPTIMIZATION_LEVEL = "-Owholemodule";
				SWIFT_VERSION = 3.0;
			};
			name = Debug;
		};
		5706A9171DBBB6F60057D764 /* Release */ = {
			isa = XCBuildConfiguration;
			baseConfigurationReference = EAF2C9694DF295CCDDE9DD4D /* Pods-DevBoy.release.xcconfig */;
			buildSettings = {
				ASSETCATALOG_COMPILER_APPICON_NAME = AppIcon;
				CLANG_ENABLE_MODULES = YES;
				DEFINES_MODULE = YES;
				DEVELOPMENT_TEAM = WK247W7C8M;
				INFOPLIST_FILE = DevBoy/Info.plist;
				LD_RUNPATH_SEARCH_PATHS = "$(inherited) @executable_path/Frameworks";
				PRODUCT_BUNDLE_IDENTIFIER = com.hungerstation.ios.DevBoy.DevBoy;
				PRODUCT_NAME = "$(TARGET_NAME)";
				SWIFT_OBJC_BRIDGING_HEADER = "DevBoy/Utils/DevBoy-Bridging-Header.h";
				SWIFT_OPTIMIZATION_LEVEL = "-Owholemodule";
				SWIFT_VERSION = 3.0;
			};
			name = Release;
		};
/* End XCBuildConfiguration section */

/* Begin XCConfigurationList section */
		5706A8F91DBBB6F60057D764 /* Build configuration list for PBXProject "DevBoy" */ = {
			isa = XCConfigurationList;
			buildConfigurations = (
				5706A9131DBBB6F60057D764 /* Debug */,
				5706A9141DBBB6F60057D764 /* Release */,
			);
			defaultConfigurationIsVisible = 0;
			defaultConfigurationName = Release;
		};
		5706A9151DBBB6F60057D764 /* Build configuration list for PBXNativeTarget "DevBoy" */ = {
			isa = XCConfigurationList;
			buildConfigurations = (
				5706A9161DBBB6F60057D764 /* Debug */,
				5706A9171DBBB6F60057D764 /* Release */,
			);
			defaultConfigurationIsVisible = 0;
			defaultConfigurationName = Release;
		};
/* End XCConfigurationList section */
	};
	rootObject = 5706A8F61DBBB6F60057D764 /* Project object */;
}
